// !$*UTF8*$!
{
	archiveVersion = 1;
	classes = {
	};
	objectVersion = 55;
	objects = {

/* Begin PBXBuildFile section */
		512A999927E67D870023C438 /* AppDelegate.swift in Sources */ = {isa = PBXBuildFile; fileRef = 512A999827E67D870023C438 /* AppDelegate.swift */; };
		512A999B27E67D870023C438 /* SceneDelegate.swift in Sources */ = {isa = PBXBuildFile; fileRef = 512A999A27E67D870023C438 /* SceneDelegate.swift */; };
		512A999D27E67D870023C438 /* HomeViewController.swift in Sources */ = {isa = PBXBuildFile; fileRef = 512A999C27E67D870023C438 /* HomeViewController.swift */; };
		512A99A027E67D870023C438 /* Main.storyboard in Resources */ = {isa = PBXBuildFile; fileRef = 512A999E27E67D870023C438 /* Main.storyboard */; };
		512A99A227E67D890023C438 /* Assets.xcassets in Resources */ = {isa = PBXBuildFile; fileRef = 512A99A127E67D890023C438 /* Assets.xcassets */; };
		512A99A527E67D890023C438 /* LaunchScreen.storyboard in Resources */ = {isa = PBXBuildFile; fileRef = 512A99A327E67D890023C438 /* LaunchScreen.storyboard */; };
		512A99AF27E6DCDA0023C438 /* Restaurant.swift in Sources */ = {isa = PBXBuildFile; fileRef = 512A99AE27E6DCDA0023C438 /* Restaurant.swift */; };
		512A99B227E773A70023C438 /* HomeTableViewCell.swift in Sources */ = {isa = PBXBuildFile; fileRef = 512A99B027E773A60023C438 /* HomeTableViewCell.swift */; };
		512A99B327E773A70023C438 /* HomeTableViewCell.xib in Resources */ = {isa = PBXBuildFile; fileRef = 512A99B127E773A60023C438 /* HomeTableViewCell.xib */; };
		512A99B527E7AAAF0023C438 /* ItemsCollectionViewController.swift in Sources */ = {isa = PBXBuildFile; fileRef = 512A99B427E7AAAF0023C438 /* ItemsCollectionViewController.swift */; };
		512A99B927E7B86B0023C438 /* ItemsCollectionViewCell.swift in Sources */ = {isa = PBXBuildFile; fileRef = 512A99B727E7B86B0023C438 /* ItemsCollectionViewCell.swift */; };
		512A99BA27E7B86B0023C438 /* ItemsCollectionViewCell.xib in Resources */ = {isa = PBXBuildFile; fileRef = 512A99B827E7B86B0023C438 /* ItemsCollectionViewCell.xib */; };
		512A99BC27E7FDFB0023C438 /* Items.swift in Sources */ = {isa = PBXBuildFile; fileRef = 512A99BB27E7FDFB0023C438 /* Items.swift */; };
/* End PBXBuildFile section */

/* Begin PBXFileReference section */
		512A999527E67D870023C438 /* FoodApp.app */ = {isa = PBXFileReference; explicitFileType = wrapper.application; includeInIndex = 0; path = FoodApp.app; sourceTree = BUILT_PRODUCTS_DIR; };
		512A999827E67D870023C438 /* AppDelegate.swift */ = {isa = PBXFileReference; lastKnownFileType = sourcecode.swift; path = AppDelegate.swift; sourceTree = "<group>"; };
		512A999A27E67D870023C438 /* SceneDelegate.swift */ = {isa = PBXFileReference; lastKnownFileType = sourcecode.swift; path = SceneDelegate.swift; sourceTree = "<group>"; };
		512A999C27E67D870023C438 /* HomeViewController.swift */ = {isa = PBXFileReference; lastKnownFileType = sourcecode.swift; path = HomeViewController.swift; sourceTree = "<group>"; };
		512A999F27E67D870023C438 /* Base */ = {isa = PBXFileReference; lastKnownFileType = file.storyboard; name = Base; path = Base.lproj/Main.storyboard; sourceTree = "<group>"; };
		512A99A127E67D890023C438 /* Assets.xcassets */ = {isa = PBXFileReference; lastKnownFileType = folder.assetcatalog; path = Assets.xcassets; sourceTree = "<group>"; };
		512A99A427E67D890023C438 /* Base */ = {isa = PBXFileReference; lastKnownFileType = file.storyboard; name = Base; path = Base.lproj/LaunchScreen.storyboard; sourceTree = "<group>"; };
		512A99A627E67D890023C438 /* Info.plist */ = {isa = PBXFileReference; lastKnownFileType = text.plist.xml; path = Info.plist; sourceTree = "<group>"; };
		512A99AE27E6DCDA0023C438 /* Restaurant.swift */ = {isa = PBXFileReference; lastKnownFileType = sourcecode.swift; path = Restaurant.swift; sourceTree = "<group>"; };
		512A99B027E773A60023C438 /* HomeTableViewCell.swift */ = {isa = PBXFileReference; lastKnownFileType = sourcecode.swift; path = HomeTableViewCell.swift; sourceTree = "<group>"; };
		512A99B127E773A60023C438 /* HomeTableViewCell.xib */ = {isa = PBXFileReference; lastKnownFileType = file.xib; path = HomeTableViewCell.xib; sourceTree = "<group>"; };
		512A99B427E7AAAF0023C438 /* ItemsCollectionViewController.swift */ = {isa = PBXFileReference; lastKnownFileType = sourcecode.swift; path = ItemsCollectionViewController.swift; sourceTree = "<group>"; };
		512A99B727E7B86B0023C438 /* ItemsCollectionViewCell.swift */ = {isa = PBXFileReference; lastKnownFileType = sourcecode.swift; path = ItemsCollectionViewCell.swift; sourceTree = "<group>"; };
		512A99B827E7B86B0023C438 /* ItemsCollectionViewCell.xib */ = {isa = PBXFileReference; lastKnownFileType = file.xib; path = ItemsCollectionViewCell.xib; sourceTree = "<group>"; };
		512A99BB27E7FDFB0023C438 /* Items.swift */ = {isa = PBXFileReference; lastKnownFileType = sourcecode.swift; path = Items.swift; sourceTree = "<group>"; };
/* End PBXFileReference section */

/* Begin PBXFrameworksBuildPhase section */
		512A999227E67D870023C438 /* Frameworks */ = {
			isa = PBXFrameworksBuildPhase;
			buildActionMask = 2147483647;
			files = (
			);
			runOnlyForDeploymentPostprocessing = 0;
		};
/* End PBXFrameworksBuildPhase section */

/* Begin PBXGroup section */
		512A998C27E67D870023C438 = {
			isa = PBXGroup;
			children = (
				512A999727E67D870023C438 /* FoodApp */,
				512A999627E67D870023C438 /* Products */,
			);
			sourceTree = "<group>";
		};
		512A999627E67D870023C438 /* Products */ = {
			isa = PBXGroup;
			children = (
				512A999527E67D870023C438 /* FoodApp.app */,
			);
			name = Products;
			sourceTree = "<group>";
		};
		512A999727E67D870023C438 /* FoodApp */ = {
			isa = PBXGroup;
			children = (
				512A99B627E7B8430023C438 /* ItemsCollectionViewCell */,
				512A99AD27E6DCC20023C438 /* Model */,
				512A99AC27E6D37B0023C438 /* HomeTableViewCell */,
				512A999827E67D870023C438 /* AppDelegate.swift */,
				512A999A27E67D870023C438 /* SceneDelegate.swift */,
				512A999C27E67D870023C438 /* HomeViewController.swift */,
				512A99B427E7AAAF0023C438 /* ItemsCollectionViewController.swift */,
				512A999E27E67D870023C438 /* Main.storyboard */,
				512A99A127E67D890023C438 /* Assets.xcassets */,
				512A99A327E67D890023C438 /* LaunchScreen.storyboard */,
				512A99A627E67D890023C438 /* Info.plist */,
			);
			path = FoodApp;
			sourceTree = "<group>";
		};
		512A99AC27E6D37B0023C438 /* HomeTableViewCell */ = {
			isa = PBXGroup;
			children = (
				512A99B027E773A60023C438 /* HomeTableViewCell.swift */,
				512A99B127E773A60023C438 /* HomeTableViewCell.xib */,
			);
			path = HomeTableViewCell;
			sourceTree = "<group>";
		};
		512A99AD27E6DCC20023C438 /* Model */ = {
			isa = PBXGroup;
			children = (
				512A99AE27E6DCDA0023C438 /* Restaurant.swift */,
				512A99BB27E7FDFB0023C438 /* Items.swift */,
			);
			path = Model;
			sourceTree = "<group>";
		};
		512A99B627E7B8430023C438 /* ItemsCollectionViewCell */ = {
			isa = PBXGroup;
			children = (
				512A99B727E7B86B0023C438 /* ItemsCollectionViewCell.swift */,
				512A99B827E7B86B0023C438 /* ItemsCollectionViewCell.xib */,
			);
			path = ItemsCollectionViewCell;
			sourceTree = "<group>";
		};
/* End PBXGroup section */

/* Begin PBXNativeTarget section */
		512A999427E67D870023C438 /* FoodApp */ = {
			isa = PBXNativeTarget;
			buildConfigurationList = 512A99A927E67D890023C438 /* Build configuration list for PBXNativeTarget "FoodApp" */;
			buildPhases = (
				512A999127E67D870023C438 /* Sources */,
				512A999227E67D870023C438 /* Frameworks */,
				512A999327E67D870023C438 /* Resources */,
			);
			buildRules = (
			);
			dependencies = (
			);
			name = FoodApp;
			productName = FoodApp;
			productReference = 512A999527E67D870023C438 /* FoodApp.app */;
			productType = "com.apple.product-type.application";
		};
/* End PBXNativeTarget section */

/* Begin PBXProject section */
		512A998D27E67D870023C438 /* Project object */ = {
			isa = PBXProject;
			attributes = {
				BuildIndependentTargetsInParallel = 1;
				LastSwiftUpdateCheck = 1320;
				LastUpgradeCheck = 1320;
				TargetAttributes = {
					512A999427E67D870023C438 = {
						CreatedOnToolsVersion = 13.2.1;
					};
				};
			};
			buildConfigurationList = 512A999027E67D870023C438 /* Build configuration list for PBXProject "FoodApp" */;
			compatibilityVersion = "Xcode 13.0";
			developmentRegion = en;
			hasScannedForEncodings = 0;
			knownRegions = (
				en,
				Base,
			);
			mainGroup = 512A998C27E67D870023C438;
			productRefGroup = 512A999627E67D870023C438 /* Products */;
			projectDirPath = "";
			projectRoot = "";
			targets = (
				512A999427E67D870023C438 /* FoodApp */,
			);
		};
/* End PBXProject section */

/* Begin PBXResourcesBuildPhase section */
		512A999327E67D870023C438 /* Resources */ = {
			isa = PBXResourcesBuildPhase;
			buildActionMask = 2147483647;
			files = (
				512A99A527E67D890023C438 /* LaunchScreen.storyboard in Resources */,
				512A99A227E67D890023C438 /* Assets.xcassets in Resources */,
				512A99B327E773A70023C438 /* HomeTableViewCell.xib in Resources */,
				512A99A027E67D870023C438 /* Main.storyboard in Resources */,
				512A99BA27E7B86B0023C438 /* ItemsCollectionViewCell.xib in Resources */,
			);
			runOnlyForDeploymentPostprocessing = 0;
		};
/* End PBXResourcesBuildPhase section */

/* Begin PBXSourcesBuildPhase section */
		512A999127E67D870023C438 /* Sources */ = {
			isa = PBXSourcesBuildPhase;
			buildActionMask = 2147483647;
			files = (
				512A99BC27E7FDFB0023C438 /* Items.swift in Sources */,
				512A999D27E67D870023C438 /* HomeViewController.swift in Sources */,
				512A99B527E7AAAF0023C438 /* ItemsCollectionViewController.swift in Sources */,
				512A99B227E773A70023C438 /* HomeTableViewCell.swift in Sources */,
				512A999927E67D870023C438 /* AppDelegate.swift in Sources */,
				512A99AF27E6DCDA0023C438 /* Restaurant.swift in Sources */,
				512A99B927E7B86B0023C438 /* ItemsCollectionViewCell.swift in Sources */,
				512A999B27E67D870023C438 /* SceneDelegate.swift in Sources */,
			);
			runOnlyForDeploymentPostprocessing = 0;
		};
/* End PBXSourcesBuildPhase section */

/* Begin PBXVariantGroup section */
		512A999E27E67D870023C438 /* Main.storyboard */ = {
			isa = PBXVariantGroup;
			children = (
				512A999F27E67D870023C438 /* Base */,
			);
			name = Main.storyboard;
			sourceTree = "<group>";
		};
		512A99A327E67D890023C438 /* LaunchScreen.storyboard */ = {
			isa = PBXVariantGroup;
			children = (
				512A99A427E67D890023C438 /* Base */,
			);
			name = LaunchScreen.storyboard;
			sourceTree = "<group>";
		};
/* End PBXVariantGroup section */

/* Begin XCBuildConfiguration section */
		512A99A727E67D890023C438 /* Debug */ = {
			isa = XCBuildConfiguration;
			buildSettings = {
				ALWAYS_SEARCH_USER_PATHS = NO;
				CLANG_ANALYZER_NONNULL = YES;
				CLANG_ANALYZER_NUMBER_OBJECT_CONVERSION = YES_AGGRESSIVE;
				CLANG_CXX_LANGUAGE_STANDARD = "gnu++17";
				CLANG_CXX_LIBRARY = "libc++";
				CLANG_ENABLE_MODULES = YES;
				CLANG_ENABLE_OBJC_ARC = YES;
				CLANG_ENABLE_OBJC_WEAK = YES;
				CLANG_WARN_BLOCK_CAPTURE_AUTORELEASING = YES;
				CLANG_WARN_BOOL_CONVERSION = YES;
				CLANG_WARN_COMMA = YES;
				CLANG_WARN_CONSTANT_CONVERSION = YES;
				CLANG_WARN_DEPRECATED_OBJC_IMPLEMENTATIONS = YES;
				CLANG_WARN_DIRECT_OBJC_ISA_USAGE = YES_ERROR;
				CLANG_WARN_DOCUMENTATION_COMMENTS = YES;
				CLANG_WARN_EMPTY_BODY = YES;
				CLANG_WARN_ENUM_CONVERSION = YES;
				CLANG_WARN_INFINITE_RECURSION = YES;
				CLANG_WARN_INT_CONVERSION = YES;
				CLANG_WARN_NON_LITERAL_NULL_CONVERSION = YES;
				CLANG_WARN_OBJC_IMPLICIT_RETAIN_SELF = YES;
				CLANG_WARN_OBJC_LITERAL_CONVERSION = YES;
				CLANG_WARN_OBJC_ROOT_CLASS = YES_ERROR;
				CLANG_WARN_QUOTED_INCLUDE_IN_FRAMEWORK_HEADER = YES;
				CLANG_WARN_RANGE_LOOP_ANALYSIS = YES;
				CLANG_WARN_STRICT_PROTOTYPES = YES;
				CLANG_WARN_SUSPICIOUS_MOVE = YES;
				CLANG_WARN_UNGUARDED_AVAILABILITY = YES_AGGRESSIVE;
				CLANG_WARN_UNREACHABLE_CODE = YES;
				CLANG_WARN__DUPLICATE_METHOD_MATCH = YES;
				COPY_PHASE_STRIP = NO;
				DEBUG_INFORMATION_FORMAT = dwarf;
				ENABLE_STRICT_OBJC_MSGSEND = YES;
				ENABLE_TESTABILITY = YES;
				GCC_C_LANGUAGE_STANDARD = gnu11;
				GCC_DYNAMIC_NO_PIC = NO;
				GCC_NO_COMMON_BLOCKS = YES;
				GCC_OPTIMIZATION_LEVEL = 0;
				GCC_PREPROCESSOR_DEFINITIONS = (
					"DEBUG=1",
					"$(inherited)",
				);
				GCC_WARN_64_TO_32_BIT_CONVERSION = YES;
				GCC_WARN_ABOUT_RETURN_TYPE = YES_ERROR;
				GCC_WARN_UNDECLARED_SELECTOR = YES;
				GCC_WARN_UNINITIALIZED_AUTOS = YES_AGGRESSIVE;
				GCC_WARN_UNUSED_FUNCTION = YES;
				GCC_WARN_UNUSED_VARIABLE = YES;
				IPHONEOS_DEPLOYMENT_TARGET = 15.2;
				MTL_ENABLE_DEBUG_INFO = INCLUDE_SOURCE;
				MTL_FAST_MATH = YES;
				ONLY_ACTIVE_ARCH = YES;
				SDKROOT = iphoneos;
				SWIFT_ACTIVE_COMPILATION_CONDITIONS = DEBUG;
				SWIFT_OPTIMIZATION_LEVEL = "-Onone";
			};
			name = Debug;
		};
		512A99A827E67D890023C438 /* Release */ = {
			isa = XCBuildConfiguration;
			buildSettings = {
				ALWAYS_SEARCH_USER_PATHS = NO;
				CLANG_ANALYZER_NONNULL = YES;
				CLANG_ANALYZER_NUMBER_OBJECT_CONVERSION = YES_AGGRESSIVE;
				CLANG_CXX_LANGUAGE_STANDARD = "gnu++17";
				CLANG_CXX_LIBRARY = "libc++";
				CLANG_ENABLE_MODULES = YES;
				CLANG_ENABLE_OBJC_ARC = YES;
				CLANG_ENABLE_OBJC_WEAK = YES;
				CLANG_WARN_BLOCK_CAPTURE_AUTORELEASING = YES;
				CLANG_WARN_BOOL_CONVERSION = YES;
				CLANG_WARN_COMMA = YES;
				CLANG_WARN_CONSTANT_CONVERSION = YES;
				CLANG_WARN_DEPRECATED_OBJC_IMPLEMENTATIONS = YES;
				CLANG_WARN_DIRECT_OBJC_ISA_USAGE = YES_ERROR;
				CLANG_WARN_DOCUMENTATION_COMMENTS = YES;
				CLANG_WARN_EMPTY_BODY = YES;
				CLANG_WARN_ENUM_CONVERSION = YES;
				CLANG_WARN_INFINITE_RECURSION = YES;
				CLANG_WARN_INT_CONVERSION = YES;
				CLANG_WARN_NON_LITERAL_NULL_CONVERSION = YES;
				CLANG_WARN_OBJC_IMPLICIT_RETAIN_SELF = YES;
				CLANG_WARN_OBJC_LITERAL_CONVERSION = YES;
				CLANG_WARN_OBJC_ROOT_CLASS = YES_ERROR;
				CLANG_WARN_QUOTED_INCLUDE_IN_FRAMEWORK_HEADER = YES;
				CLANG_WARN_RANGE_LOOP_ANALYSIS = YES;
				CLANG_WARN_STRICT_PROTOTYPES = YES;
				CLANG_WARN_SUSPICIOUS_MOVE = YES;
				CLANG_WARN_UNGUARDED_AVAILABILITY = YES_AGGRESSIVE;
				CLANG_WARN_UNREACHABLE_CODE = YES;
				CLANG_WARN__DUPLICATE_METHOD_MATCH = YES;
				COPY_PHASE_STRIP = NO;
				DEBUG_INFORMATION_FORMAT = "dwarf-with-dsym";
				ENABLE_NS_ASSERTIONS = NO;
				ENABLE_STRICT_OBJC_MSGSEND = YES;
				GCC_C_LANGUAGE_STANDARD = gnu11;
				GCC_NO_COMMON_BLOCKS = YES;
				GCC_WARN_64_TO_32_BIT_CONVERSION = YES;
				GCC_WARN_ABOUT_RETURN_TYPE = YES_ERROR;
				GCC_WARN_UNDECLARED_SELECTOR = YES;
				GCC_WARN_UNINITIALIZED_AUTOS = YES_AGGRESSIVE;
				GCC_WARN_UNUSED_FUNCTION = YES;
				GCC_WARN_UNUSED_VARIABLE = YES;
				IPHONEOS_DEPLOYMENT_TARGET = 15.2;
				MTL_ENABLE_DEBUG_INFO = NO;
				MTL_FAST_MATH = YES;
				SDKROOT = iphoneos;
				SWIFT_COMPILATION_MODE = wholemodule;
				SWIFT_OPTIMIZATION_LEVEL = "-O";
				VALIDATE_PRODUCT = YES;
			};
			name = Release;
		};
		512A99AA27E67D890023C438 /* Debug */ = {
			isa = XCBuildConfiguration;
			buildSettings = {
				ASSETCATALOG_COMPILER_APPICON_NAME = AppIcon;
				ASSETCATALOG_COMPILER_GLOBAL_ACCENT_COLOR_NAME = AccentColor;
				CODE_SIGN_STYLE = Automatic;
				CURRENT_PROJECT_VERSION = 1;
				DEVELOPMENT_TEAM = YL9AK3B862;
				GENERATE_INFOPLIST_FILE = YES;
				INFOPLIST_FILE = FoodApp/Info.plist;
				INFOPLIST_KEY_UIApplicationSupportsIndirectInputEvents = YES;
				INFOPLIST_KEY_UILaunchStoryboardName = LaunchScreen;
				INFOPLIST_KEY_UIMainStoryboardFile = Main;
				INFOPLIST_KEY_UISupportedInterfaceOrientations_iPad = "UIInterfaceOrientationPortrait UIInterfaceOrientationPortraitUpsideDown UIInterfaceOrientationLandscapeLeft UIInterfaceOrientationLandscapeRight";
				INFOPLIST_KEY_UISupportedInterfaceOrientations_iPhone = "UIInterfaceOrientationPortrait UIInterfaceOrientationLandscapeLeft UIInterfaceOrientationLandscapeRight";
				LD_RUNPATH_SEARCH_PATHS = (
					"$(inherited)",
					"@executable_path/Frameworks",
				);
				MARKETING_VERSION = 1.0;
				PRODUCT_BUNDLE_IDENTIFIER = dev.victorugons.FoodApp;
				PRODUCT_NAME = "$(TARGET_NAME)";
				SWIFT_EMIT_LOC_STRINGS = YES;
				SWIFT_VERSION = 5.0;
				TARGETED_DEVICE_FAMILY = "1,2";
			};
			name = Debug;
		};
		512A99AB27E67D890023C438 /* Release */ = {
			isa = XCBuildConfiguration;
			buildSettings = {
				ASSETCATALOG_COMPILER_APPICON_NAME = AppIcon;
				ASSETCATALOG_COMPILER_GLOBAL_ACCENT_COLOR_NAME = AccentColor;
				CODE_SIGN_STYLE = Automatic;
				CURRENT_PROJECT_VERSION = 1;
				DEVELOPMENT_TEAM = YL9AK3B862;
				GENERATE_INFOPLIST_FILE = YES;
				INFOPLIST_FILE = FoodApp/Info.plist;
				INFOPLIST_KEY_UIApplicationSupportsIndirectInputEvents = YES;
				INFOPLIST_KEY_UILaunchStoryboardName = LaunchScreen;
				INFOPLIST_KEY_UIMainStoryboardFile = Main;
				INFOPLIST_KEY_UISupportedInterfaceOrientations_iPad = "UIInterfaceOrientationPortrait UIInterfaceOrientationPortraitUpsideDown UIInterfaceOrientationLandscapeLeft UIInterfaceOrientationLandscapeRight";
				INFOPLIST_KEY_UISupportedInterfaceOrientations_iPhone = "UIInterfaceOrientationPortrait UIInterfaceOrientationLandscapeLeft UIInterfaceOrientationLandscapeRight";
				LD_RUNPATH_SEARCH_PATHS = (
					"$(inherited)",
					"@executable_path/Frameworks",
				);
				MARKETING_VERSION = 1.0;
				PRODUCT_BUNDLE_IDENTIFIER = dev.victorugons.FoodApp;
				PRODUCT_NAME = "$(TARGET_NAME)";
				SWIFT_EMIT_LOC_STRINGS = YES;
				SWIFT_VERSION = 5.0;
				TARGETED_DEVICE_FAMILY = "1,2";
			};
			name = Release;
		};
/* End XCBuildConfiguration section */

/* Begin XCConfigurationList section */
		512A999027E67D870023C438 /* Build configuration list for PBXProject "FoodApp" */ = {
			isa = XCConfigurationList;
			buildConfigurations = (
				512A99A727E67D890023C438 /* Debug */,
				512A99A827E67D890023C438 /* Release */,
			);
			defaultConfigurationIsVisible = 0;
			defaultConfigurationName = Release;
		};
		512A99A927E67D890023C438 /* Build configuration list for PBXNativeTarget "FoodApp" */ = {
			isa = XCConfigurationList;
			buildConfigurations = (
				512A99AA27E67D890023C438 /* Debug */,
				512A99AB27E67D890023C438 /* Release */,
			);
			defaultConfigurationIsVisible = 0;
			defaultConfigurationName = Release;
		};
/* End XCConfigurationList section */
	};
	rootObject = 512A998D27E67D870023C438 /* Project object */;
}
